
Microsoft Visual Studio Solution File, Format Version 12.00
# Visual Studio Version 17
VisualStudioVersion = 17.11.35005.142
MinimumVisualStudioVersion = 10.0.40219.1
Project("{8BC9CEB8-8B4A-11D0-8D11-00A0C91BC942}") = "NetMonPOC", "NetMonPOC.vcxproj", "{6F0F12A8-913C-4E6C-9E99-A58F19CC9EC3}"
EndProject
Project("{8BC9CEB8-8B4A-11D0-8D11-00A0C91BC942}") = "Agent", "Agent\Agent.vcxproj", "{97DE378B-1E5C-4519-889A-38F4945273E7}"
EndProject
Global
	GlobalSection(SolutionConfigurationPlatforms) = preSolution
		Debug|ARM64 = Debug|ARM64
		Debug|x64 = Debug|x64
		Debug|x86 = Debug|x86
		Release|ARM64 = Release|ARM64
		Release|x64 = Release|x64
		Release|x86 = Release|x86
	EndGlobalSection
	GlobalSection(ProjectConfigurationPlatforms) = postSolution
		{6F0F12A8-913C-4E6C-9E99-A58F19CC9EC3}.Debug|ARM64.ActiveCfg = Debug|ARM64
		{6F0F12A8-913C-4E6C-9E99-A58F19CC9EC3}.Debug|ARM64.Build.0 = Debug|ARM64
		{6F0F12A8-913C-4E6C-9E99-A58F19CC9EC3}.Debug|ARM64.Deploy.0 = Debug|ARM64
		{6F0F12A8-913C-4E6C-9E99-A58F19CC9EC3}.Debug|x64.ActiveCfg = Debug|x64
		{6F0F12A8-913C-4E6C-9E99-A58F19CC9EC3}.Debug|x64.Build.0 = Debug|x64
		{6F0F12A8-913C-4E6C-9E99-A58F19CC9EC3}.Debug|x64.Deploy.0 = Debug|x64
		{6F0F12A8-913C-4E6C-9E99-A58F19CC9EC3}.Debug|x86.ActiveCfg = Debug|x64
		{6F0F12A8-913C-4E6C-9E99-A58F19CC9EC3}.Debug|x86.Build.0 = Debug|x64
		{6F0F12A8-913C-4E6C-9E99-A58F19CC9EC3}.Debug|x86.Deploy.0 = Debug|x64
		{6F0F12A8-913C-4E6C-9E99-A58F19CC9EC3}.Release|ARM64.ActiveCfg = Release|ARM64
		{6F0F12A8-913C-4E6C-9E99-A58F19CC9EC3}.Release|ARM64.Build.0 = Release|ARM64
		{6F0F12A8-913C-4E6C-9E99-A58F19CC9EC3}.Release|ARM64.Deploy.0 = Release|ARM64
		{6F0F12A8-913C-4E6C-9E99-A58F19CC9EC3}.Release|x64.ActiveCfg = Release|x64
		{6F0F12A8-913C-4E6C-9E99-A58F19CC9EC3}.Release|x64.Build.0 = Release|x64
		{6F0F12A8-913C-4E6C-9E99-A58F19CC9EC3}.Release|x64.Deploy.0 = Release|x64
		{6F0F12A8-913C-4E6C-9E99-A58F19CC9EC3}.Release|x86.ActiveCfg = Release|x64
		{6F0F12A8-913C-4E6C-9E99-A58F19CC9EC3}.Release|x86.Build.0 = Release|x64
		{6F0F12A8-913C-4E6C-9E99-A58F19CC9EC3}.Release|x86.Deploy.0 = Release|x64
		{97DE378B-1E5C-4519-889A-38F4945273E7}.Debug|ARM64.ActiveCfg = Debug|x64
		{97DE378B-1E5C-4519-889A-38F4945273E7}.Debug|ARM64.Build.0 = Debug|x64
		{97DE378B-1E5C-4519-889A-38F4945273E7}.Debug|x64.ActiveCfg = Debug|x64
		{97DE378B-1E5C-4519-889A-38F4945273E7}.Debug|x64.Build.0 = Debug|x64
		{97DE378B-1E5C-4519-889A-38F4945273E7}.Debug|x86.ActiveCfg = Debug|Win32
		{97DE378B-1E5C-4519-889A-38F4945273E7}.Debug|x86.Build.0 = Debug|Win32
		{97DE378B-1E5C-4519-889A-38F4945273E7}.Release|ARM64.ActiveCfg = Release|x64
		{97DE378B-1E5C-4519-889A-38F4945273E7}.Release|ARM64.Build.0 = Release|x64
		{97DE378B-1E5C-4519-889A-38F4945273E7}.Release|x64.ActiveCfg = Release|x64
		{97DE378B-1E5C-4519-889A-38F4945273E7}.Release|x64.Build.0 = Release|x64
		{97DE378B-1E5C-4519-889A-38F4945273E7}.Release|x86.ActiveCfg = Release|Win32
		{97DE378B-1E5C-4519-889A-38F4945273E7}.Release|x86.Build.0 = Release|Win32
	EndGlobalSection
	GlobalSection(SolutionProperties) = preSolution
		HideSolutionNode = FALSE
	EndGlobalSection
	GlobalSection(ExtensibilityGlobals) = postSolution
		SolutionGuid = {1488C60A-D556-412C-8E9F-661677C23199}
	EndGlobalSection
EndGlobal
